
Microsoft Visual Studio Solution File, Format Version 12.00
# Visual Studio 15
VisualStudioVersion = 15.0.28307.1022
MinimumVisualStudioVersion = 10.0.40219.1
Project("{FAE04EC0-301F-11D3-BF4B-00C04F79EFBC}") = "ConsoleApp3", "ConsoleApp3\ConsoleApp3.csproj", "{3673EAAF-BAAF-4C7F-9637-3BA34C7D9566}"
EndProject
Global
	GlobalSection(SolutionConfigurationPlatforms) = preSolution
		Debug|Any CPU = Debug|Any CPU
		Release|Any CPU = Release|Any CPU
	EndGlobalSection
	GlobalSection(ProjectConfigurationPlatforms) = postSolution
		{3673EAAF-BAAF-4C7F-9637-3BA34C7D9566}.Debug|Any CPU.ActiveCfg = Debug|Any CPU
		{3673EAAF-BAAF-4C7F-9637-3BA34C7D9566}.Debug|Any CPU.Build.0 = Debug|Any CPU
		{3673EAAF-BAAF-4C7F-9637-3BA34C7D9566}.Release|Any CPU.ActiveCfg = Release|Any CPU
		{3673EAAF-BAAF-4C7F-9637-3BA34C7D9566}.Release|Any CPU.Build.0 = Release|Any CPU
	EndGlobalSection
	GlobalSection(SolutionProperties) = preSolution
		HideSolutionNode = FALSE
	EndGlobalSection
	GlobalSection(ExtensibilityGlobals) = postSolution
		SolutionGuid = {14B28B2D-15C7-48BC-B4B1-C0258FCC72A8}
	EndGlobalSection
EndGlobal
